
Microsoft Visual Studio Solution File, Format Version 12.00
# Visual Studio Version 16
VisualStudioVersion = 16.0.30523.141
MinimumVisualStudioVersion = 10.0.40219.1
Project("{9A19103F-16F7-4668-BE54-9A1E7A4F7556}") = "ExcelHelper", "ExcelHelper\ExcelHelper.csproj", "{B06BB087-C033-41F4-BE35-3F23EA4FF26C}"
EndProject
Global
	GlobalSection(SolutionConfigurationPlatforms) = preSolution
		Debug|Any CPU = Debug|Any CPU
		Release|Any CPU = Release|Any CPU
	EndGlobalSection
	GlobalSection(ProjectConfigurationPlatforms) = postSolution
		{B06BB087-C033-41F4-BE35-3F23EA4FF26C}.Debug|Any CPU.ActiveCfg = Debug|Any CPU
		{B06BB087-C033-41F4-BE35-3F23EA4FF26C}.Debug|Any CPU.Build.0 = Debug|Any CPU
		{B06BB087-C033-41F4-BE35-3F23EA4FF26C}.Release|Any CPU.ActiveCfg = Release|Any CPU
		{B06BB087-C033-41F4-BE35-3F23EA4FF26C}.Release|Any CPU.Build.0 = Release|Any CPU
	EndGlobalSection
	GlobalSection(SolutionProperties) = preSolution
		HideSolutionNode = FALSE
	EndGlobalSection
	GlobalSection(ExtensibilityGlobals) = postSolution
		SolutionGuid = {75621EDB-5659-4202-B6C2-EC364FE67755}
	EndGlobalSection
EndGlobal
